uuid: 129ca28d-22a1-49bd-9ca3-37bd38f52201
langcode: nl
status: true
dependencies:
  config:
    - node.type.custom_block
  module:
    - content_translation
third_party_settings:
  content_translation:
    enabled: true
    bundle_settings:
      untranslatable_fields_hide: '0'
id: node.custom_block
target_entity_type_id: node
target_bundle: custom_block
default_langcode: current_interface
language_alterable: true
